{
  "name": "performance-tests",
  "version": "1.0.0",
  "lockfileVersion": 2,
  "requires": true,
  "packages": {
    "": {
      "name": "performance-tests",
      "version": "1.0.0",
      "license": "ISC",
      "devDependencies": {
        "@types/k6": "^0.46.2",
        "typescript": "^5.2.2"
      }
    },
    "node_modules/@types/k6": {
      "version": "0.46.2",
      "resolved": "https://registry.npmjs.org/@types/k6/-/k6-0.46.2.tgz",
      "integrity": "sha512-T1LU04YzrmcsTVOtFFL0wn0TPzvX08XNbmUJAIziR0J+4HO3IwN4t/X20y16+qZY7Aac141lYWje6QIIrbmmKg==",
      "dev": true
    },
    "node_modules/typescript": {
      "version": "5.2.2",
      "resolved": "https://registry.npmjs.org/typescript/-/typescript-5.2.2.tgz",
      "integrity": "sha512-mI4WrpHsbCIcwT9cF4FZvr80QUeKvsUsUvKDoR+X/7XHQH98xYD8YHZg7ANtz2GtZt/CBq2QJ0thkGJMHfqc1w==",
      "dev": true,
      "bin": {
        "tsc": "bin/tsc",
        "tsserver": "bin/tsserver"
      },
      "engines": {
        "node": ">=14.17"
      }
    }
  },
  "dependencies": {
    "@types/k6": {
      "version": "0.46.2",
      "resolved": "https://registry.npmjs.org/@types/k6/-/k6-0.46.2.tgz",
      "integrity": "sha512-T1LU04YzrmcsTVOtFFL0wn0TPzvX08XNbmUJAIziR0J+4HO3IwN4t/X20y16+qZY7Aac141lYWje6QIIrbmmKg==",
      "dev": true
    },
    "typescript": {
      "version": "5.2.2",
      "resolved": "https://registry.npmjs.org/typescript/-/typescript-5.2.2.tgz",
      "integrity": "sha512-mI4WrpHsbCIcwT9cF4FZvr80QUeKvsUsUvKDoR+X/7XHQH98xYD8YHZg7ANtz2GtZt/CBq2QJ0thkGJMHfqc1w==",
      "dev": true
    }
  }
}
